{
  "name": "observable-model",
  "version": "1.0.3",
  "lockfileVersion": 1,
  "requires": true,
  "dependencies": {
    "event-driven-object": {
      "version": "1.0.4",
      "resolved": "https://registry.npmjs.org/event-driven-object/-/event-driven-object-1.0.4.tgz",
      "integrity": "sha512-6d+k8QQAgnA0A0BfVv5AkChIsBcxS0XgCdDgkampy4prj2qLlVBeqGalatOsc3j4VbZZgYSJbYeTFa93qwsLDw=="
    }
  }
}
