{
  "name": "observable-model",
  "version": "1.0.5",
  "lockfileVersion": 1,
  "requires": true,
  "dependencies": {
    "event-driven-object": {
      "version": "1.0.5",
      "resolved": "https://registry.npmjs.org/event-driven-object/-/event-driven-object-1.0.5.tgz",
      "integrity": "sha512-f6GcYb9cwILlhlbh64Z3KtB4BWo1OrfiMxSbEw8WMLL7gQsUtg+ZXTxKdUntTJm1kG5Pvau1meP0mzWVeevEHw=="
    }
  }
}
