{
  "name": "observable-model",
  "version": "1.0.0",
  "lockfileVersion": 1,
  "requires": true,
  "dependencies": {
    "event-driven-object": {
      "version": "1.0.1",
      "resolved": "https://registry.npmjs.org/event-driven-object/-/event-driven-object-1.0.1.tgz",
      "integrity": "sha512-mkH2PNkbche4z+AHzY2TMltKcNL2XAvWm5ZVuPcaFSsJ8na/8HYSH0brNAs1qfFLM2tvdrLqRBEVNY/B7V94fw=="
    }
  }
}
